// !$*UTF8*$!
{
	archiveVersion = 1;
	classes = {
	};
	objectVersion = 50;
	objects = {

/* Begin PBXBuildFile section */
		7DB6E202945214CFE7141F30 /* Pods_RxSwiftDemo.framework in Frameworks */ = {isa = PBXBuildFile; fileRef = 8E0A5E1D1F2AC6F018D35F6A /* Pods_RxSwiftDemo.framework */; };
		C007404622F862EA00CDD2AD /* AppDelegate.swift in Sources */ = {isa = PBXBuildFile; fileRef = C007404522F862EA00CDD2AD /* AppDelegate.swift */; };
		C007404822F862EA00CDD2AD /* HomeViewController.swift in Sources */ = {isa = PBXBuildFile; fileRef = C007404722F862EA00CDD2AD /* HomeViewController.swift */; };
		C007404B22F862EA00CDD2AD /* Main.storyboard in Resources */ = {isa = PBXBuildFile; fileRef = C007404922F862EA00CDD2AD /* Main.storyboard */; };
		C007404D22F862EB00CDD2AD /* Assets.xcassets in Resources */ = {isa = PBXBuildFile; fileRef = C007404C22F862EB00CDD2AD /* Assets.xcassets */; };
		C007405022F862EB00CDD2AD /* LaunchScreen.storyboard in Resources */ = {isa = PBXBuildFile; fileRef = C007404E22F862EB00CDD2AD /* LaunchScreen.storyboard */; };
		C054C8B222F873070017650B /* DetailViewController.swift in Sources */ = {isa = PBXBuildFile; fileRef = C054C8B122F873070017650B /* DetailViewController.swift */; };
/* End PBXBuildFile section */

/* Begin PBXFileReference section */
		06286066A7FB7F075D93B827 /* Pods-RxSwiftDemo.release.xcconfig */ = {isa = PBXFileReference; includeInIndex = 1; lastKnownFileType = text.xcconfig; name = "Pods-RxSwiftDemo.release.xcconfig"; path = "Pods/Target Support Files/Pods-RxSwiftDemo/Pods-RxSwiftDemo.release.xcconfig"; sourceTree = "<group>"; };
		15EE6F652D93B4898BDE3E09 /* Pods-RxSwiftDemo.debug.xcconfig */ = {isa = PBXFileReference; includeInIndex = 1; lastKnownFileType = text.xcconfig; name = "Pods-RxSwiftDemo.debug.xcconfig"; path = "Pods/Target Support Files/Pods-RxSwiftDemo/Pods-RxSwiftDemo.debug.xcconfig"; sourceTree = "<group>"; };
		8E0A5E1D1F2AC6F018D35F6A /* Pods_RxSwiftDemo.framework */ = {isa = PBXFileReference; explicitFileType = wrapper.framework; includeInIndex = 0; path = Pods_RxSwiftDemo.framework; sourceTree = BUILT_PRODUCTS_DIR; };
		C007404222F862EA00CDD2AD /* RxSwiftDemo.app */ = {isa = PBXFileReference; explicitFileType = wrapper.application; includeInIndex = 0; path = RxSwiftDemo.app; sourceTree = BUILT_PRODUCTS_DIR; };
		C007404522F862EA00CDD2AD /* AppDelegate.swift */ = {isa = PBXFileReference; lastKnownFileType = sourcecode.swift; path = AppDelegate.swift; sourceTree = "<group>"; };
		C007404722F862EA00CDD2AD /* HomeViewController.swift */ = {isa = PBXFileReference; lastKnownFileType = sourcecode.swift; path = HomeViewController.swift; sourceTree = "<group>"; };
		C007404A22F862EA00CDD2AD /* Base */ = {isa = PBXFileReference; lastKnownFileType = file.storyboard; name = Base; path = Base.lproj/Main.storyboard; sourceTree = "<group>"; };
		C007404C22F862EB00CDD2AD /* Assets.xcassets */ = {isa = PBXFileReference; lastKnownFileType = folder.assetcatalog; path = Assets.xcassets; sourceTree = "<group>"; };
		C007404F22F862EB00CDD2AD /* Base */ = {isa = PBXFileReference; lastKnownFileType = file.storyboard; name = Base; path = Base.lproj/LaunchScreen.storyboard; sourceTree = "<group>"; };
		C007405122F862EB00CDD2AD /* Info.plist */ = {isa = PBXFileReference; lastKnownFileType = text.plist.xml; path = Info.plist; sourceTree = "<group>"; };
		C054C8B122F873070017650B /* DetailViewController.swift */ = {isa = PBXFileReference; lastKnownFileType = sourcecode.swift; path = DetailViewController.swift; sourceTree = "<group>"; };
/* End PBXFileReference section */

/* Begin PBXFrameworksBuildPhase section */
		C007403F22F862EA00CDD2AD /* Frameworks */ = {
			isa = PBXFrameworksBuildPhase;
			buildActionMask = 2147483647;
			files = (
				7DB6E202945214CFE7141F30 /* Pods_RxSwiftDemo.framework in Frameworks */,
			);
			runOnlyForDeploymentPostprocessing = 0;
		};
/* End PBXFrameworksBuildPhase section */

/* Begin PBXGroup section */
		0CE0E18621CF8C9FAEABB6CB /* Pods */ = {
			isa = PBXGroup;
			children = (
				15EE6F652D93B4898BDE3E09 /* Pods-RxSwiftDemo.debug.xcconfig */,
				06286066A7FB7F075D93B827 /* Pods-RxSwiftDemo.release.xcconfig */,
			);
			name = Pods;
			sourceTree = "<group>";
		};
		B5D564EA617F3EB1C9ED791A /* Frameworks */ = {
			isa = PBXGroup;
			children = (
				8E0A5E1D1F2AC6F018D35F6A /* Pods_RxSwiftDemo.framework */,
			);
			name = Frameworks;
			sourceTree = "<group>";
		};
		C007403922F862EA00CDD2AD = {
			isa = PBXGroup;
			children = (
				C007404422F862EA00CDD2AD /* RxSwiftDemo */,
				C007404322F862EA00CDD2AD /* Products */,
				0CE0E18621CF8C9FAEABB6CB /* Pods */,
				B5D564EA617F3EB1C9ED791A /* Frameworks */,
			);
			sourceTree = "<group>";
		};
		C007404322F862EA00CDD2AD /* Products */ = {
			isa = PBXGroup;
			children = (
				C007404222F862EA00CDD2AD /* RxSwiftDemo.app */,
			);
			name = Products;
			sourceTree = "<group>";
		};
		C007404422F862EA00CDD2AD /* RxSwiftDemo */ = {
			isa = PBXGroup;
			children = (
				C007404522F862EA00CDD2AD /* AppDelegate.swift */,
				C007404722F862EA00CDD2AD /* HomeViewController.swift */,
				C054C8B122F873070017650B /* DetailViewController.swift */,
				C007404922F862EA00CDD2AD /* Main.storyboard */,
				C007404C22F862EB00CDD2AD /* Assets.xcassets */,
				C007404E22F862EB00CDD2AD /* LaunchScreen.storyboard */,
				C007405122F862EB00CDD2AD /* Info.plist */,
			);
			path = RxSwiftDemo;
			sourceTree = "<group>";
		};
/* End PBXGroup section */

/* Begin PBXNativeTarget section */
		C007404122F862EA00CDD2AD /* RxSwiftDemo */ = {
			isa = PBXNativeTarget;
			buildConfigurationList = C007405422F862EB00CDD2AD /* Build configuration list for PBXNativeTarget "RxSwiftDemo" */;
			buildPhases = (
				95A1A57E3C26A87CC8E54242 /* [CP] Check Pods Manifest.lock */,
				C007403E22F862EA00CDD2AD /* Sources */,
				C007403F22F862EA00CDD2AD /* Frameworks */,
				C007404022F862EA00CDD2AD /* Resources */,
				940BC5BF47A3FE72E090C2C2 /* [CP] Embed Pods Frameworks */,
			);
			buildRules = (
			);
			dependencies = (
			);
			name = RxSwiftDemo;
			productName = RxSwiftDemo;
			productReference = C007404222F862EA00CDD2AD /* RxSwiftDemo.app */;
			productType = "com.apple.product-type.application";
		};
/* End PBXNativeTarget section */

/* Begin PBXProject section */
		C007403A22F862EA00CDD2AD /* Project object */ = {
			isa = PBXProject;
			attributes = {
				LastSwiftUpdateCheck = 1030;
				LastUpgradeCheck = 1030;
				ORGANIZATIONNAME = Atif;
				TargetAttributes = {
					C007404122F862EA00CDD2AD = {
						CreatedOnToolsVersion = 10.3;
					};
				};
			};
			buildConfigurationList = C007403D22F862EA00CDD2AD /* Build configuration list for PBXProject "RxSwiftDemo" */;
			compatibilityVersion = "Xcode 9.3";
			developmentRegion = en;
			hasScannedForEncodings = 0;
			knownRegions = (
				en,
				Base,
			);
			mainGroup = C007403922F862EA00CDD2AD;
			productRefGroup = C007404322F862EA00CDD2AD /* Products */;
			projectDirPath = "";
			projectRoot = "";
			targets = (
				C007404122F862EA00CDD2AD /* RxSwiftDemo */,
			);
		};
/* End PBXProject section */

/* Begin PBXResourcesBuildPhase section */
		C007404022F862EA00CDD2AD /* Resources */ = {
			isa = PBXResourcesBuildPhase;
			buildActionMask = 2147483647;
			files = (
				C007405022F862EB00CDD2AD /* LaunchScreen.storyboard in Resources */,
				C007404D22F862EB00CDD2AD /* Assets.xcassets in Resources */,
				C007404B22F862EA00CDD2AD /* Main.storyboard in Resources */,
			);
			runOnlyForDeploymentPostprocessing = 0;
		};
/* End PBXResourcesBuildPhase section */

/* Begin PBXShellScriptBuildPhase section */
		940BC5BF47A3FE72E090C2C2 /* [CP] Embed Pods Frameworks */ = {
			isa = PBXShellScriptBuildPhase;
			buildActionMask = 2147483647;
			files = (
			);
			inputPaths = (
				"${SRCROOT}/Pods/Target Support Files/Pods-RxSwiftDemo/Pods-RxSwiftDemo-frameworks.sh",
				"${BUILT_PRODUCTS_DIR}/RxCocoa/RxCocoa.framework",
				"${BUILT_PRODUCTS_DIR}/RxRelay/RxRelay.framework",
				"${BUILT_PRODUCTS_DIR}/RxSwift/RxSwift.framework",
			);
			name = "[CP] Embed Pods Frameworks";
			outputPaths = (
				"${TARGET_BUILD_DIR}/${FRAMEWORKS_FOLDER_PATH}/RxCocoa.framework",
				"${TARGET_BUILD_DIR}/${FRAMEWORKS_FOLDER_PATH}/RxRelay.framework",
				"${TARGET_BUILD_DIR}/${FRAMEWORKS_FOLDER_PATH}/RxSwift.framework",
			);
			runOnlyForDeploymentPostprocessing = 0;
			shellPath = /bin/sh;
			shellScript = "\"${SRCROOT}/Pods/Target Support Files/Pods-RxSwiftDemo/Pods-RxSwiftDemo-frameworks.sh\"\n";
			showEnvVarsInLog = 0;
		};
		95A1A57E3C26A87CC8E54242 /* [CP] Check Pods Manifest.lock */ = {
			isa = PBXShellScriptBuildPhase;
			buildActionMask = 2147483647;
			files = (
			);
			inputPaths = (
				"${PODS_PODFILE_DIR_PATH}/Podfile.lock",
				"${PODS_ROOT}/Manifest.lock",
			);
			name = "[CP] Check Pods Manifest.lock";
			outputPaths = (
				"$(DERIVED_FILE_DIR)/Pods-RxSwiftDemo-checkManifestLockResult.txt",
			);
			runOnlyForDeploymentPostprocessing = 0;
			shellPath = /bin/sh;
			shellScript = "diff \"${PODS_PODFILE_DIR_PATH}/Podfile.lock\" \"${PODS_ROOT}/Manifest.lock\" > /dev/null\nif [ $? != 0 ] ; then\n    # print error to STDERR\n    echo \"error: The sandbox is not in sync with the Podfile.lock. Run 'pod install' or update your CocoaPods installation.\" >&2\n    exit 1\nfi\n# This output is used by Xcode 'outputs' to avoid re-running this script phase.\necho \"SUCCESS\" > \"${SCRIPT_OUTPUT_FILE_0}\"\n";
			showEnvVarsInLog = 0;
		};
/* End PBXShellScriptBuildPhase section */

/* Begin PBXSourcesBuildPhase section */
		C007403E22F862EA00CDD2AD /* Sources */ = {
			isa = PBXSourcesBuildPhase;
			buildActionMask = 2147483647;
			files = (
				C054C8B222F873070017650B /* DetailViewController.swift in Sources */,
				C007404822F862EA00CDD2AD /* HomeViewController.swift in Sources */,
				C007404622F862EA00CDD2AD /* AppDelegate.swift in Sources */,
			);
			runOnlyForDeploymentPostprocessing = 0;
		};
/* End PBXSourcesBuildPhase section */

/* Begin PBXVariantGroup section */
		C007404922F862EA00CDD2AD /* Main.storyboard */ = {
			isa = PBXVariantGroup;
			children = (
				C007404A22F862EA00CDD2AD /* Base */,
			);
			name = Main.storyboard;
			sourceTree = "<group>";
		};
		C007404E22F862EB00CDD2AD /* LaunchScreen.storyboard */ = {
			isa = PBXVariantGroup;
			children = (
				C007404F22F862EB00CDD2AD /* Base */,
			);
			name = LaunchScreen.storyboard;
			sourceTree = "<group>";
		};
/* End PBXVariantGroup section */

/* Begin XCBuildConfiguration section */
		C007405222F862EB00CDD2AD /* Debug */ = {
			isa = XCBuildConfiguration;
			buildSettings = {
				ALWAYS_SEARCH_USER_PATHS = NO;
				CLANG_ANALYZER_NONNULL = YES;
				CLANG_ANALYZER_NUMBER_OBJECT_CONVERSION = YES_AGGRESSIVE;
				CLANG_CXX_LANGUAGE_STANDARD = "gnu++14";
				CLANG_CXX_LIBRARY = "libc++";
				CLANG_ENABLE_MODULES = YES;
				CLANG_ENABLE_OBJC_ARC = YES;
				CLANG_ENABLE_OBJC_WEAK = YES;
				CLANG_WARN_BLOCK_CAPTURE_AUTORELEASING = YES;
				CLANG_WARN_BOOL_CONVERSION = YES;
				CLANG_WARN_COMMA = YES;
				CLANG_WARN_CONSTANT_CONVERSION = YES;
				CLANG_WARN_DEPRECATED_OBJC_IMPLEMENTATIONS = YES;
				CLANG_WARN_DIRECT_OBJC_ISA_USAGE = YES_ERROR;
				CLANG_WARN_DOCUMENTATION_COMMENTS = YES;
				CLANG_WARN_EMPTY_BODY = YES;
				CLANG_WARN_ENUM_CONVERSION = YES;
				CLANG_WARN_INFINITE_RECURSION = YES;
				CLANG_WARN_INT_CONVERSION = YES;
				CLANG_WARN_NON_LITERAL_NULL_CONVERSION = YES;
				CLANG_WARN_OBJC_IMPLICIT_RETAIN_SELF = YES;
				CLANG_WARN_OBJC_LITERAL_CONVERSION = YES;
				CLANG_WARN_OBJC_ROOT_CLASS = YES_ERROR;
				CLANG_WARN_RANGE_LOOP_ANALYSIS = YES;
				CLANG_WARN_STRICT_PROTOTYPES = YES;
				CLANG_WARN_SUSPICIOUS_MOVE = YES;
				CLANG_WARN_UNGUARDED_AVAILABILITY = YES_AGGRESSIVE;
				CLANG_WARN_UNREACHABLE_CODE = YES;
				CLANG_WARN__DUPLICATE_METHOD_MATCH = YES;
				CODE_SIGN_IDENTITY = "iPhone Developer";
				COPY_PHASE_STRIP = NO;
				DEBUG_INFORMATION_FORMAT = dwarf;
				ENABLE_STRICT_OBJC_MSGSEND = YES;
				ENABLE_TESTABILITY = YES;
				GCC_C_LANGUAGE_STANDARD = gnu11;
				GCC_DYNAMIC_NO_PIC = NO;
				GCC_NO_COMMON_BLOCKS = YES;
				GCC_OPTIMIZATION_LEVEL = 0;
				GCC_PREPROCESSOR_DEFINITIONS = (
					"DEBUG=1",
					"$(inherited)",
				);
				GCC_WARN_64_TO_32_BIT_CONVERSION = YES;
				GCC_WARN_ABOUT_RETURN_TYPE = YES_ERROR;
				GCC_WARN_UNDECLARED_SELECTOR = YES;
				GCC_WARN_UNINITIALIZED_AUTOS = YES_AGGRESSIVE;
				GCC_WARN_UNUSED_FUNCTION = YES;
				GCC_WARN_UNUSED_VARIABLE = YES;
				IPHONEOS_DEPLOYMENT_TARGET = 12.4;
				MTL_ENABLE_DEBUG_INFO = INCLUDE_SOURCE;
				MTL_FAST_MATH = YES;
				ONLY_ACTIVE_ARCH = YES;
				SDKROOT = iphoneos;
				SWIFT_ACTIVE_COMPILATION_CONDITIONS = DEBUG;
				SWIFT_OPTIMIZATION_LEVEL = "-Onone";
			};
			name = Debug;
		};
		C007405322F862EB00CDD2AD /* Release */ = {
			isa = XCBuildConfiguration;
			buildSettings = {
				ALWAYS_SEARCH_USER_PATHS = NO;
				CLANG_ANALYZER_NONNULL = YES;
				CLANG_ANALYZER_NUMBER_OBJECT_CONVERSION = YES_AGGRESSIVE;
				CLANG_CXX_LANGUAGE_STANDARD = "gnu++14";
				CLANG_CXX_LIBRARY = "libc++";
				CLANG_ENABLE_MODULES = YES;
				CLANG_ENABLE_OBJC_ARC = YES;
				CLANG_ENABLE_OBJC_WEAK = YES;
				CLANG_WARN_BLOCK_CAPTURE_AUTORELEASING = YES;
				CLANG_WARN_BOOL_CONVERSION = YES;
				CLANG_WARN_COMMA = YES;
				CLANG_WARN_CONSTANT_CONVERSION = YES;
				CLANG_WARN_DEPRECATED_OBJC_IMPLEMENTATIONS = YES;
				CLANG_WARN_DIRECT_OBJC_ISA_USAGE = YES_ERROR;
				CLANG_WARN_DOCUMENTATION_COMMENTS = YES;
				CLANG_WARN_EMPTY_BODY = YES;
				CLANG_WARN_ENUM_CONVERSION = YES;
				CLANG_WARN_INFINITE_RECURSION = YES;
				CLANG_WARN_INT_CONVERSION = YES;
				CLANG_WARN_NON_LITERAL_NULL_CONVERSION = YES;
				CLANG_WARN_OBJC_IMPLICIT_RETAIN_SELF = YES;
				CLANG_WARN_OBJC_LITERAL_CONVERSION = YES;
				CLANG_WARN_OBJC_ROOT_CLASS = YES_ERROR;
				CLANG_WARN_RANGE_LOOP_ANALYSIS = YES;
				CLANG_WARN_STRICT_PROTOTYPES = YES;
				CLANG_WARN_SUSPICIOUS_MOVE = YES;
				CLANG_WARN_UNGUARDED_AVAILABILITY = YES_AGGRESSIVE;
				CLANG_WARN_UNREACHABLE_CODE = YES;
				CLANG_WARN__DUPLICATE_METHOD_MATCH = YES;
				CODE_SIGN_IDENTITY = "iPhone Developer";
				COPY_PHASE_STRIP = NO;
				DEBUG_INFORMATION_FORMAT = "dwarf-with-dsym";
				ENABLE_NS_ASSERTIONS = NO;
				ENABLE_STRICT_OBJC_MSGSEND = YES;
				GCC_C_LANGUAGE_STANDARD = gnu11;
				GCC_NO_COMMON_BLOCKS = YES;
				GCC_WARN_64_TO_32_BIT_CONVERSION = YES;
				GCC_WARN_ABOUT_RETURN_TYPE = YES_ERROR;
				GCC_WARN_UNDECLARED_SELECTOR = YES;
				GCC_WARN_UNINITIALIZED_AUTOS = YES_AGGRESSIVE;
				GCC_WARN_UNUSED_FUNCTION = YES;
				GCC_WARN_UNUSED_VARIABLE = YES;
				IPHONEOS_DEPLOYMENT_TARGET = 12.4;
				MTL_ENABLE_DEBUG_INFO = NO;
				MTL_FAST_MATH = YES;
				SDKROOT = iphoneos;
				SWIFT_COMPILATION_MODE = wholemodule;
				SWIFT_OPTIMIZATION_LEVEL = "-O";
				VALIDATE_PRODUCT = YES;
			};
			name = Release;
		};
		C007405522F862EB00CDD2AD /* Debug */ = {
			isa = XCBuildConfiguration;
			baseConfigurationReference = 15EE6F652D93B4898BDE3E09 /* Pods-RxSwiftDemo.debug.xcconfig */;
			buildSettings = {
				ASSETCATALOG_COMPILER_APPICON_NAME = AppIcon;
				CODE_SIGN_STYLE = Automatic;
				DEVELOPMENT_TEAM = HC374WERJC;
				INFOPLIST_FILE = RxSwiftDemo/Info.plist;
				LD_RUNPATH_SEARCH_PATHS = (
					"$(inherited)",
					"@executable_path/Frameworks",
				);
				PRODUCT_BUNDLE_IDENTIFIER = "com.atif.gcucs-gmail.com.RxSwiftDemo";
				PRODUCT_NAME = "$(TARGET_NAME)";
				SWIFT_VERSION = 5.0;
				TARGETED_DEVICE_FAMILY = "1,2";
			};
			name = Debug;
		};
		C007405622F862EB00CDD2AD /* Release */ = {
			isa = XCBuildConfiguration;
			baseConfigurationReference = 06286066A7FB7F075D93B827 /* Pods-RxSwiftDemo.release.xcconfig */;
			buildSettings = {
				ASSETCATALOG_COMPILER_APPICON_NAME = AppIcon;
				CODE_SIGN_STYLE = Automatic;
				DEVELOPMENT_TEAM = HC374WERJC;
				INFOPLIST_FILE = RxSwiftDemo/Info.plist;
				LD_RUNPATH_SEARCH_PATHS = (
					"$(inherited)",
					"@executable_path/Frameworks",
				);
				PRODUCT_BUNDLE_IDENTIFIER = "com.atif.gcucs-gmail.com.RxSwiftDemo";
				PRODUCT_NAME = "$(TARGET_NAME)";
				SWIFT_VERSION = 5.0;
				TARGETED_DEVICE_FAMILY = "1,2";
			};
			name = Release;
		};
/* End XCBuildConfiguration section */

/* Begin XCConfigurationList section */
		C007403D22F862EA00CDD2AD /* Build configuration list for PBXProject "RxSwiftDemo" */ = {
			isa = XCConfigurationList;
			buildConfigurations = (
				C007405222F862EB00CDD2AD /* Debug */,
				C007405322F862EB00CDD2AD /* Release */,
			);
			defaultConfigurationIsVisible = 0;
			defaultConfigurationName = Release;
		};
		C007405422F862EB00CDD2AD /* Build configuration list for PBXNativeTarget "RxSwiftDemo" */ = {
			isa = XCConfigurationList;
			buildConfigurations = (
				C007405522F862EB00CDD2AD /* Debug */,
				C007405622F862EB00CDD2AD /* Release */,
			);
			defaultConfigurationIsVisible = 0;
			defaultConfigurationName = Release;
		};
/* End XCConfigurationList section */
	};
	rootObject = C007403A22F862EA00CDD2AD /* Project object */;
}
